
Microsoft Visual Studio Solution File, Format Version 12.00
# Visual Studio 14
VisualStudioVersion = 14.0.25420.1
MinimumVisualStudioVersion = 10.0.40219.1
Project("{FAE04EC0-301F-11D3-BF4B-00C04F79EFBC}") = "OnlineTicketingBookingApplication", "OnlineTicketingBookingApplication\OnlineTicketingBookingApplication.csproj", "{3DAA7981-1117-462F-89C5-7D2FC9237763}"
EndProject
Project("{FAE04EC0-301F-11D3-BF4B-00C04F79EFBC}") = "WebApi-TicketBookingApplication", "WebApi-TicketBookingApplication\WebApi-TicketBookingApplication.csproj", "{3D8429B1-D965-4E02-A786-23A7F576284C}"
EndProject
Global
	GlobalSection(SolutionConfigurationPlatforms) = preSolution
		Debug|Any CPU = Debug|Any CPU
		Release|Any CPU = Release|Any CPU
	EndGlobalSection
	GlobalSection(ProjectConfigurationPlatforms) = postSolution
		{3DAA7981-1117-462F-89C5-7D2FC9237763}.Debug|Any CPU.ActiveCfg = Debug|Any CPU
		{3DAA7981-1117-462F-89C5-7D2FC9237763}.Debug|Any CPU.Build.0 = Debug|Any CPU
		{3DAA7981-1117-462F-89C5-7D2FC9237763}.Release|Any CPU.ActiveCfg = Release|Any CPU
		{3DAA7981-1117-462F-89C5-7D2FC9237763}.Release|Any CPU.Build.0 = Release|Any CPU
		{3D8429B1-D965-4E02-A786-23A7F576284C}.Debug|Any CPU.ActiveCfg = Debug|Any CPU
		{3D8429B1-D965-4E02-A786-23A7F576284C}.Debug|Any CPU.Build.0 = Debug|Any CPU
		{3D8429B1-D965-4E02-A786-23A7F576284C}.Release|Any CPU.ActiveCfg = Release|Any CPU
		{3D8429B1-D965-4E02-A786-23A7F576284C}.Release|Any CPU.Build.0 = Release|Any CPU
	EndGlobalSection
	GlobalSection(SolutionProperties) = preSolution
		HideSolutionNode = FALSE
	EndGlobalSection
EndGlobal
